{
  "name": "metadata",
  "lockfileVersion": 2,
  "requires": true,
  "packages": {
    "": {
      "dependencies": {
        "igor": "file:../../igr-cli/cli"
      }
    },
    "../../igr-cli/cli": {
      "version": "1.0.0",
      "license": "ISC",
      "dependencies": {
        "axios": "^0.21.1",
        "fast-xml-parser": "^3.18.0",
        "he": "^1.2.0"
      },
      "bin": {
        "igor": "cli.js"
      }
    },
    "node_modules/igor": {
      "resolved": "../../igr-cli/cli",
      "link": true
    }
  },
  "dependencies": {
    "igor": {
      "version": "file:../../igr-cli/cli",
      "requires": {
        "axios": "^0.21.1",
        "fast-xml-parser": "^3.18.0",
        "he": "^1.2.0"
      }
    }
  }
}
