Microsoft Visual Studio Solution File, Format Version 12.00
# Visual Studio Version 17
VisualStudioVersion = 17.2.32616.157
MinimumVisualStudioVersion = 10.0.40219.1
Project("{9A19103F-16F7-4668-BE54-9A1E7A4F7556}") = "Kyrldama.Backoffice.Business", "Kyrldama.Backoffice.Business\Kyrldama.Backoffice.Business.csproj", "{DDA5F302-F5A3-4F25-8CA0-B987829C8777}"
EndProject
Project("{9A19103F-16F7-4668-BE54-9A1E7A4F7556}") = "Kyrldama.Backoffice.Repository", "Kyrldama.Backoffice.Repository\Kyrldama.Backoffice.Repository.csproj", "{DE81AC65-0718-4D10-BEB1-2ECED88019C9}"
EndProject
Project("{9A19103F-16F7-4668-BE54-9A1E7A4F7556}") = "Kyrldama.Backoffice.DataAccess", "Kyrldama.Backoffice.DataAccess\Kyrldama.Backoffice.DataAccess.csproj", "{A91F68A5-B8A9-40C5-BCE4-93D77603F961}"
EndProject
Project("{9A19103F-16F7-4668-BE54-9A1E7A4F7556}") = "Kyrldama.Backoffice.Infrastructure", "Kyrldama.Backoffice.Infrastructure\Kyrldama.Backoffice.Infrastructure.csproj", "{C54DADEA-6E9E-422A-BA02-08BD858F6A4C}"
EndProject
Project("{2150E333-8FDC-42A3-9474-1A3956D46DE8}") = "APP", "APP", "{2C6677A5-6192-4203-96CE-F40635665DE9}"
EndProject
Project("{9A19103F-16F7-4668-BE54-9A1E7A4F7556}") = "Kyrldama.Backoffice.Host", "Kyrldama.Backoffice.Host\Kyrldama.Backoffice.Host.csproj", "{CA8F6DDD-7372-4EE3-9D4F-AF5944F10342}"
EndProject
Project("{2150E333-8FDC-42A3-9474-1A3956D46DE8}") = "Infrastructure", "Infrastructure", "{0990A5BC-BCE6-4B56-BBB0-90E0BB3B91A3}"
EndProject
Project("{9A19103F-16F7-4668-BE54-9A1E7A4F7556}") = "Kyrldama.Odata", "..\..\..\kdm-infrastructure\source\Kyrldama.Odata\Kyrldama.Odata.csproj", "{3B54A899-AD7F-43CB-B732-A6B00B1CAD97}"
EndProject
Global
	GlobalSection(SolutionConfigurationPlatforms) = preSolution
		Debug|Any CPU = Debug|Any CPU
		Release|Any CPU = Release|Any CPU
	EndGlobalSection
	GlobalSection(ProjectConfigurationPlatforms) = postSolution
		{DDA5F302-F5A3-4F25-8CA0-B987829C8777}.Debug|Any CPU.ActiveCfg = Debug|Any CPU
		{DDA5F302-F5A3-4F25-8CA0-B987829C8777}.Debug|Any CPU.Build.0 = Debug|Any CPU
		{DDA5F302-F5A3-4F25-8CA0-B987829C8777}.Release|Any CPU.ActiveCfg = Release|Any CPU
		{DDA5F302-F5A3-4F25-8CA0-B987829C8777}.Release|Any CPU.Build.0 = Release|Any CPU
		{DE81AC65-0718-4D10-BEB1-2ECED88019C9}.Debug|Any CPU.ActiveCfg = Debug|Any CPU
		{DE81AC65-0718-4D10-BEB1-2ECED88019C9}.Debug|Any CPU.Build.0 = Debug|Any CPU
		{DE81AC65-0718-4D10-BEB1-2ECED88019C9}.Release|Any CPU.ActiveCfg = Release|Any CPU
		{DE81AC65-0718-4D10-BEB1-2ECED88019C9}.Release|Any CPU.Build.0 = Release|Any CPU
		{A91F68A5-B8A9-40C5-BCE4-93D77603F961}.Debug|Any CPU.ActiveCfg = Debug|Any CPU
		{A91F68A5-B8A9-40C5-BCE4-93D77603F961}.Debug|Any CPU.Build.0 = Debug|Any CPU
		{A91F68A5-B8A9-40C5-BCE4-93D77603F961}.Release|Any CPU.ActiveCfg = Release|Any CPU
		{A91F68A5-B8A9-40C5-BCE4-93D77603F961}.Release|Any CPU.Build.0 = Release|Any CPU
		{C54DADEA-6E9E-422A-BA02-08BD858F6A4C}.Debug|Any CPU.ActiveCfg = Debug|Any CPU
		{C54DADEA-6E9E-422A-BA02-08BD858F6A4C}.Debug|Any CPU.Build.0 = Debug|Any CPU
		{C54DADEA-6E9E-422A-BA02-08BD858F6A4C}.Release|Any CPU.ActiveCfg = Release|Any CPU
		{C54DADEA-6E9E-422A-BA02-08BD858F6A4C}.Release|Any CPU.Build.0 = Release|Any CPU
		{CA8F6DDD-7372-4EE3-9D4F-AF5944F10342}.Debug|Any CPU.ActiveCfg = Debug|Any CPU
		{CA8F6DDD-7372-4EE3-9D4F-AF5944F10342}.Debug|Any CPU.Build.0 = Debug|Any CPU
		{CA8F6DDD-7372-4EE3-9D4F-AF5944F10342}.Release|Any CPU.ActiveCfg = Release|Any CPU
		{CA8F6DDD-7372-4EE3-9D4F-AF5944F10342}.Release|Any CPU.Build.0 = Release|Any CPU
		{3B54A899-AD7F-43CB-B732-A6B00B1CAD97}.Debug|Any CPU.ActiveCfg = Debug|Any CPU
		{3B54A899-AD7F-43CB-B732-A6B00B1CAD97}.Debug|Any CPU.Build.0 = Debug|Any CPU
		{3B54A899-AD7F-43CB-B732-A6B00B1CAD97}.Release|Any CPU.ActiveCfg = Release|Any CPU
		{3B54A899-AD7F-43CB-B732-A6B00B1CAD97}.Release|Any CPU.Build.0 = Release|Any CPU
	EndGlobalSection
	GlobalSection(SolutionProperties) = preSolution
		HideSolutionNode = FALSE
	EndGlobalSection
	GlobalSection(NestedProjects) = preSolution
		{CA8F6DDD-7372-4EE3-9D4F-AF5944F10342} = {2C6677A5-6192-4203-96CE-F40635665DE9}
		{3B54A899-AD7F-43CB-B732-A6B00B1CAD97} = {0990A5BC-BCE6-4B56-BBB0-90E0BB3B91A3}
	EndGlobalSection
	GlobalSection(ExtensibilityGlobals) = postSolution
		SolutionGuid = {916978A2-6E32-4261-9002-77D215A1A2B4}
	EndGlobalSection
EndGlobal
